# THIS IS AN AUTOGENERATED FILE. DO NOT EDIT THIS FILE DIRECTLY.
# yarn lockfile v1


"@mizdra/github-package-registry-test@^0.0.0":
  version "0.0.0"
  resolved "https://npm.pkg.github.com/download/@mizdra/github-package-registry-test/0.0.0/3f54a07c7d69f4f220c09d674143bdf9f0e7cb8d313c36fc7a2b7b44e579a327#a02b92352d0f6902755248c18b1aebe831432295"
  integrity sha512-v7VjURS1ZMu0qvmpqN5KvHBHnsU0AbNas5wo7d0rMk4eRUzuWBZIzxcL38YtbDJ4l351CV62EwUoNGjYmZRN5A==
